
Microsoft Visual Studio Solution File, Format Version 12.00
# Visual Studio Version 16
VisualStudioVersion = 16.0.30002.166
MinimumVisualStudioVersion = 10.0.40219.1
Project("{FAE04EC0-301F-11D3-BF4B-00C04F79EFBC}") = "Web.RegisterPageTask", "Web.RegisterPageTask\Web.RegisterPageTask.csproj", "{99BD10D3-8910-400B-A352-7E409B5A8611}"
EndProject
Project("{FAE04EC0-301F-11D3-BF4B-00C04F79EFBC}") = "AccordianPopulateTask", "AccordianPopulateTask\AccordianPopulateTask.csproj", "{D8B9D302-FB19-4B96-A981-36DAB0F28C11}"
EndProject
Global
	GlobalSection(SolutionConfigurationPlatforms) = preSolution
		Debug|Any CPU = Debug|Any CPU
		Release|Any CPU = Release|Any CPU
	EndGlobalSection
	GlobalSection(ProjectConfigurationPlatforms) = postSolution
		{99BD10D3-8910-400B-A352-7E409B5A8611}.Debug|Any CPU.ActiveCfg = Debug|Any CPU
		{99BD10D3-8910-400B-A352-7E409B5A8611}.Debug|Any CPU.Build.0 = Debug|Any CPU
		{99BD10D3-8910-400B-A352-7E409B5A8611}.Release|Any CPU.ActiveCfg = Release|Any CPU
		{99BD10D3-8910-400B-A352-7E409B5A8611}.Release|Any CPU.Build.0 = Release|Any CPU
		{D8B9D302-FB19-4B96-A981-36DAB0F28C11}.Debug|Any CPU.ActiveCfg = Debug|Any CPU
		{D8B9D302-FB19-4B96-A981-36DAB0F28C11}.Debug|Any CPU.Build.0 = Debug|Any CPU
		{D8B9D302-FB19-4B96-A981-36DAB0F28C11}.Release|Any CPU.ActiveCfg = Release|Any CPU
		{D8B9D302-FB19-4B96-A981-36DAB0F28C11}.Release|Any CPU.Build.0 = Release|Any CPU
	EndGlobalSection
	GlobalSection(SolutionProperties) = preSolution
		HideSolutionNode = FALSE
	EndGlobalSection
	GlobalSection(ExtensibilityGlobals) = postSolution
		SolutionGuid = {571A833C-AE1F-488F-9590-F2CF69E0BA9C}
	EndGlobalSection
EndGlobal
